
Microsoft Visual Studio Solution File, Format Version 12.00
# Visual Studio Version 16
VisualStudioVersion = 16.0.31727.386
MinimumVisualStudioVersion = 10.0.40219.1
Project("{2150E333-8FDC-42A3-9474-1A3956D46DE8}") = "Example", "Example", "{15D5F647-93B7-4E09-B983-D5A11EFA22EB}"
EndProject
Project("{9A19103F-16F7-4668-BE54-9A1E7A4F7556}") = "CommonQuery.MVC5", "Example\CommonQuery.MVC5\CommonQuery.MVC5.csproj", "{C138911C-921E-49B6-8417-EE4567B2970E}"
EndProject
Project("{FAE04EC0-301F-11D3-BF4B-00C04F79EFBC}") = "CommonQuery.Builder", "CommonQuery.Builder\CommonQuery.Builder.csproj", "{BB945448-B7BC-4AC9-9DFC-6882783511FA}"
EndProject
Project("{9A19103F-16F7-4668-BE54-9A1E7A4F7556}") = "CommonQuery.MVC.Core", "CommonQuery.MVC.Core\CommonQuery.MVC.Core.csproj", "{93968135-F25C-4D83-A90F-AE3BCF65B5A8}"
EndProject
Project("{9A19103F-16F7-4668-BE54-9A1E7A4F7556}") = "CommonQuery.Api.NetCoreExample", "Example\CommonQuery.Api.NetCoreExample\CommonQuery.Api.NetCoreExample.csproj", "{F824A429-57A7-46F2-A7A0-6CBA85D13FD4}"
EndProject
Global
	GlobalSection(SolutionConfigurationPlatforms) = preSolution
		Debug|Any CPU = Debug|Any CPU
		Release|Any CPU = Release|Any CPU
	EndGlobalSection
	GlobalSection(ProjectConfigurationPlatforms) = postSolution
		{C138911C-921E-49B6-8417-EE4567B2970E}.Debug|Any CPU.ActiveCfg = Debug|Any CPU
		{C138911C-921E-49B6-8417-EE4567B2970E}.Debug|Any CPU.Build.0 = Debug|Any CPU
		{C138911C-921E-49B6-8417-EE4567B2970E}.Release|Any CPU.ActiveCfg = Release|Any CPU
		{C138911C-921E-49B6-8417-EE4567B2970E}.Release|Any CPU.Build.0 = Release|Any CPU
		{BB945448-B7BC-4AC9-9DFC-6882783511FA}.Debug|Any CPU.ActiveCfg = Debug|Any CPU
		{BB945448-B7BC-4AC9-9DFC-6882783511FA}.Debug|Any CPU.Build.0 = Debug|Any CPU
		{BB945448-B7BC-4AC9-9DFC-6882783511FA}.Release|Any CPU.ActiveCfg = Release|Any CPU
		{BB945448-B7BC-4AC9-9DFC-6882783511FA}.Release|Any CPU.Build.0 = Release|Any CPU
		{93968135-F25C-4D83-A90F-AE3BCF65B5A8}.Debug|Any CPU.ActiveCfg = Debug|Any CPU
		{93968135-F25C-4D83-A90F-AE3BCF65B5A8}.Debug|Any CPU.Build.0 = Debug|Any CPU
		{93968135-F25C-4D83-A90F-AE3BCF65B5A8}.Release|Any CPU.ActiveCfg = Release|Any CPU
		{93968135-F25C-4D83-A90F-AE3BCF65B5A8}.Release|Any CPU.Build.0 = Release|Any CPU
		{F824A429-57A7-46F2-A7A0-6CBA85D13FD4}.Debug|Any CPU.ActiveCfg = Debug|Any CPU
		{F824A429-57A7-46F2-A7A0-6CBA85D13FD4}.Debug|Any CPU.Build.0 = Debug|Any CPU
		{F824A429-57A7-46F2-A7A0-6CBA85D13FD4}.Release|Any CPU.ActiveCfg = Release|Any CPU
		{F824A429-57A7-46F2-A7A0-6CBA85D13FD4}.Release|Any CPU.Build.0 = Release|Any CPU
	EndGlobalSection
	GlobalSection(SolutionProperties) = preSolution
		HideSolutionNode = FALSE
	EndGlobalSection
	GlobalSection(NestedProjects) = preSolution
		{C138911C-921E-49B6-8417-EE4567B2970E} = {15D5F647-93B7-4E09-B983-D5A11EFA22EB}
		{F824A429-57A7-46F2-A7A0-6CBA85D13FD4} = {15D5F647-93B7-4E09-B983-D5A11EFA22EB}
	EndGlobalSection
	GlobalSection(ExtensibilityGlobals) = postSolution
		SolutionGuid = {507BE217-297E-4849-AC68-4FBBF42E9654}
	EndGlobalSection
EndGlobal
